
Microsoft Visual Studio Solution File, Format Version 12.00
# Visual Studio Version 17
VisualStudioVersion = 17.5.33502.453
MinimumVisualStudioVersion = 10.0.40219.1
Project("{9A19103F-16F7-4668-BE54-9A1E7A4F7556}") = "LoChip8", "LoChip8\LoChip8.csproj", "{61D7AC0D-7670-4D4B-A135-C6602B0D5210}"
EndProject
Project("{9A19103F-16F7-4668-BE54-9A1E7A4F7556}") = "LoChip8.DesktopGL", "LoChip8.DesktopGL\LoChip8.DesktopGL.csproj", "{5DDF6B04-149C-4EED-8A83-7902213A4DC9}"
EndProject
Project("{9A19103F-16F7-4668-BE54-9A1E7A4F7556}") = "LoChip8.Tests", "LoChip8.Tests\LoChip8.Tests.csproj", "{CE33D8A7-665A-4662-B13F-53FF711B4597}"
EndProject
Project("{2150E333-8FDC-42A3-9474-1A3956D46DE8}") = "Lib", "Lib", "{F4974933-810E-4983-B2F7-2AE1815E761D}"
EndProject
Project("{9A19103F-16F7-4668-BE54-9A1E7A4F7556}") = "FNA.Core", "..\FNA\FNA.Core.csproj", "{C582D9C3-35DE-4186-A541-F6DE0EBDC71B}"
EndProject
Project("{9A19103F-16F7-4668-BE54-9A1E7A4F7556}") = "Nez.FNA.Standard", "..\Nez\Nez.Portable\Nez.FNA.Standard.csproj", "{6AED273B-EC1B-495A-BA03-8FA4E4CA768B}"
EndProject
Project("{9A19103F-16F7-4668-BE54-9A1E7A4F7556}") = "Nez.FNA.Standard.Persistence", "..\Nez\Nez.Persistence\Nez.FNA.Standard.Persistence.csproj", "{13DFE973-9596-42EE-87A8-910E9CD89CF1}"
EndProject
Project("{9A19103F-16F7-4668-BE54-9A1E7A4F7556}") = "Nez.FNA.Standard.ImGui", "..\Nez\Nez.ImGui\Nez.FNA.Standard.ImGui.csproj", "{DFF75F7C-C445-4D00-92A3-3226D0696A1A}"
EndProject
Project("{9A19103F-16F7-4668-BE54-9A1E7A4F7556}") = "LiteLog", "LiteLog\LiteLog.csproj", "{DC1126E5-D36D-4487-8207-F6FC7824EFB1}"
EndProject
Project("{9A19103F-16F7-4668-BE54-9A1E7A4F7556}") = "LoChip8.Client", "LoChip8.Client\LoChip8.Client.csproj", "{32EAAB71-E541-4520-860E-A612932E7F0C}"
EndProject
Global
	GlobalSection(SolutionConfigurationPlatforms) = preSolution
		Debug|Any CPU = Debug|Any CPU
		Debug|x64 = Debug|x64
		Release|Any CPU = Release|Any CPU
		Release|x64 = Release|x64
	EndGlobalSection
	GlobalSection(ProjectConfigurationPlatforms) = postSolution
		{61D7AC0D-7670-4D4B-A135-C6602B0D5210}.Debug|Any CPU.ActiveCfg = Debug|Any CPU
		{61D7AC0D-7670-4D4B-A135-C6602B0D5210}.Debug|Any CPU.Build.0 = Debug|Any CPU
		{61D7AC0D-7670-4D4B-A135-C6602B0D5210}.Debug|x64.ActiveCfg = Debug|Any CPU
		{61D7AC0D-7670-4D4B-A135-C6602B0D5210}.Debug|x64.Build.0 = Debug|Any CPU
		{61D7AC0D-7670-4D4B-A135-C6602B0D5210}.Release|Any CPU.ActiveCfg = Release|Any CPU
		{61D7AC0D-7670-4D4B-A135-C6602B0D5210}.Release|Any CPU.Build.0 = Release|Any CPU
		{61D7AC0D-7670-4D4B-A135-C6602B0D5210}.Release|x64.ActiveCfg = Release|Any CPU
		{61D7AC0D-7670-4D4B-A135-C6602B0D5210}.Release|x64.Build.0 = Release|Any CPU
		{5DDF6B04-149C-4EED-8A83-7902213A4DC9}.Debug|Any CPU.ActiveCfg = Debug|Any CPU
		{5DDF6B04-149C-4EED-8A83-7902213A4DC9}.Debug|Any CPU.Build.0 = Debug|Any CPU
		{5DDF6B04-149C-4EED-8A83-7902213A4DC9}.Debug|x64.ActiveCfg = Debug|Any CPU
		{5DDF6B04-149C-4EED-8A83-7902213A4DC9}.Debug|x64.Build.0 = Debug|Any CPU
		{5DDF6B04-149C-4EED-8A83-7902213A4DC9}.Release|Any CPU.ActiveCfg = Release|Any CPU
		{5DDF6B04-149C-4EED-8A83-7902213A4DC9}.Release|Any CPU.Build.0 = Release|Any CPU
		{5DDF6B04-149C-4EED-8A83-7902213A4DC9}.Release|x64.ActiveCfg = Release|Any CPU
		{5DDF6B04-149C-4EED-8A83-7902213A4DC9}.Release|x64.Build.0 = Release|Any CPU
		{CE33D8A7-665A-4662-B13F-53FF711B4597}.Debug|Any CPU.ActiveCfg = Debug|Any CPU
		{CE33D8A7-665A-4662-B13F-53FF711B4597}.Debug|Any CPU.Build.0 = Debug|Any CPU
		{CE33D8A7-665A-4662-B13F-53FF711B4597}.Debug|x64.ActiveCfg = Debug|Any CPU
		{CE33D8A7-665A-4662-B13F-53FF711B4597}.Debug|x64.Build.0 = Debug|Any CPU
		{CE33D8A7-665A-4662-B13F-53FF711B4597}.Release|Any CPU.ActiveCfg = Release|Any CPU
		{CE33D8A7-665A-4662-B13F-53FF711B4597}.Release|Any CPU.Build.0 = Release|Any CPU
		{CE33D8A7-665A-4662-B13F-53FF711B4597}.Release|x64.ActiveCfg = Release|Any CPU
		{CE33D8A7-665A-4662-B13F-53FF711B4597}.Release|x64.Build.0 = Release|Any CPU
		{C582D9C3-35DE-4186-A541-F6DE0EBDC71B}.Debug|Any CPU.ActiveCfg = Debug|x64
		{C582D9C3-35DE-4186-A541-F6DE0EBDC71B}.Debug|Any CPU.Build.0 = Debug|x64
		{C582D9C3-35DE-4186-A541-F6DE0EBDC71B}.Debug|x64.ActiveCfg = Debug|x64
		{C582D9C3-35DE-4186-A541-F6DE0EBDC71B}.Debug|x64.Build.0 = Debug|x64
		{C582D9C3-35DE-4186-A541-F6DE0EBDC71B}.Release|Any CPU.ActiveCfg = Release|x64
		{C582D9C3-35DE-4186-A541-F6DE0EBDC71B}.Release|Any CPU.Build.0 = Release|x64
		{C582D9C3-35DE-4186-A541-F6DE0EBDC71B}.Release|x64.ActiveCfg = Release|x64
		{C582D9C3-35DE-4186-A541-F6DE0EBDC71B}.Release|x64.Build.0 = Release|x64
		{6AED273B-EC1B-495A-BA03-8FA4E4CA768B}.Debug|Any CPU.ActiveCfg = Debug|Any CPU
		{6AED273B-EC1B-495A-BA03-8FA4E4CA768B}.Debug|Any CPU.Build.0 = Debug|Any CPU
		{6AED273B-EC1B-495A-BA03-8FA4E4CA768B}.Debug|x64.ActiveCfg = Debug|Any CPU
		{6AED273B-EC1B-495A-BA03-8FA4E4CA768B}.Debug|x64.Build.0 = Debug|Any CPU
		{6AED273B-EC1B-495A-BA03-8FA4E4CA768B}.Release|Any CPU.ActiveCfg = Release|Any CPU
		{6AED273B-EC1B-495A-BA03-8FA4E4CA768B}.Release|Any CPU.Build.0 = Release|Any CPU
		{6AED273B-EC1B-495A-BA03-8FA4E4CA768B}.Release|x64.ActiveCfg = Release|Any CPU
		{6AED273B-EC1B-495A-BA03-8FA4E4CA768B}.Release|x64.Build.0 = Release|Any CPU
		{13DFE973-9596-42EE-87A8-910E9CD89CF1}.Debug|Any CPU.ActiveCfg = Debug|Any CPU
		{13DFE973-9596-42EE-87A8-910E9CD89CF1}.Debug|Any CPU.Build.0 = Debug|Any CPU
		{13DFE973-9596-42EE-87A8-910E9CD89CF1}.Debug|x64.ActiveCfg = Debug|Any CPU
		{13DFE973-9596-42EE-87A8-910E9CD89CF1}.Debug|x64.Build.0 = Debug|Any CPU
		{13DFE973-9596-42EE-87A8-910E9CD89CF1}.Release|Any CPU.ActiveCfg = Release|Any CPU
		{13DFE973-9596-42EE-87A8-910E9CD89CF1}.Release|Any CPU.Build.0 = Release|Any CPU
		{13DFE973-9596-42EE-87A8-910E9CD89CF1}.Release|x64.ActiveCfg = Release|Any CPU
		{13DFE973-9596-42EE-87A8-910E9CD89CF1}.Release|x64.Build.0 = Release|Any CPU
		{DFF75F7C-C445-4D00-92A3-3226D0696A1A}.Debug|Any CPU.ActiveCfg = Debug|Any CPU
		{DFF75F7C-C445-4D00-92A3-3226D0696A1A}.Debug|Any CPU.Build.0 = Debug|Any CPU
		{DFF75F7C-C445-4D00-92A3-3226D0696A1A}.Debug|x64.ActiveCfg = Debug|Any CPU
		{DFF75F7C-C445-4D00-92A3-3226D0696A1A}.Debug|x64.Build.0 = Debug|Any CPU
		{DFF75F7C-C445-4D00-92A3-3226D0696A1A}.Release|Any CPU.ActiveCfg = Release|Any CPU
		{DFF75F7C-C445-4D00-92A3-3226D0696A1A}.Release|Any CPU.Build.0 = Release|Any CPU
		{DFF75F7C-C445-4D00-92A3-3226D0696A1A}.Release|x64.ActiveCfg = Release|Any CPU
		{DFF75F7C-C445-4D00-92A3-3226D0696A1A}.Release|x64.Build.0 = Release|Any CPU
		{DC1126E5-D36D-4487-8207-F6FC7824EFB1}.Debug|Any CPU.ActiveCfg = Debug|Any CPU
		{DC1126E5-D36D-4487-8207-F6FC7824EFB1}.Debug|Any CPU.Build.0 = Debug|Any CPU
		{DC1126E5-D36D-4487-8207-F6FC7824EFB1}.Debug|x64.ActiveCfg = Debug|Any CPU
		{DC1126E5-D36D-4487-8207-F6FC7824EFB1}.Debug|x64.Build.0 = Debug|Any CPU
		{DC1126E5-D36D-4487-8207-F6FC7824EFB1}.Release|Any CPU.ActiveCfg = Release|Any CPU
		{DC1126E5-D36D-4487-8207-F6FC7824EFB1}.Release|Any CPU.Build.0 = Release|Any CPU
		{DC1126E5-D36D-4487-8207-F6FC7824EFB1}.Release|x64.ActiveCfg = Release|Any CPU
		{DC1126E5-D36D-4487-8207-F6FC7824EFB1}.Release|x64.Build.0 = Release|Any CPU
		{32EAAB71-E541-4520-860E-A612932E7F0C}.Debug|Any CPU.ActiveCfg = Debug|Any CPU
		{32EAAB71-E541-4520-860E-A612932E7F0C}.Debug|Any CPU.Build.0 = Debug|Any CPU
		{32EAAB71-E541-4520-860E-A612932E7F0C}.Debug|x64.ActiveCfg = Debug|Any CPU
		{32EAAB71-E541-4520-860E-A612932E7F0C}.Debug|x64.Build.0 = Debug|Any CPU
		{32EAAB71-E541-4520-860E-A612932E7F0C}.Release|Any CPU.ActiveCfg = Release|Any CPU
		{32EAAB71-E541-4520-860E-A612932E7F0C}.Release|Any CPU.Build.0 = Release|Any CPU
		{32EAAB71-E541-4520-860E-A612932E7F0C}.Release|x64.ActiveCfg = Release|Any CPU
		{32EAAB71-E541-4520-860E-A612932E7F0C}.Release|x64.Build.0 = Release|Any CPU
	EndGlobalSection
	GlobalSection(SolutionProperties) = preSolution
		HideSolutionNode = FALSE
	EndGlobalSection
	GlobalSection(NestedProjects) = preSolution
		{C582D9C3-35DE-4186-A541-F6DE0EBDC71B} = {F4974933-810E-4983-B2F7-2AE1815E761D}
		{6AED273B-EC1B-495A-BA03-8FA4E4CA768B} = {F4974933-810E-4983-B2F7-2AE1815E761D}
		{13DFE973-9596-42EE-87A8-910E9CD89CF1} = {F4974933-810E-4983-B2F7-2AE1815E761D}
		{DFF75F7C-C445-4D00-92A3-3226D0696A1A} = {F4974933-810E-4983-B2F7-2AE1815E761D}
		{DC1126E5-D36D-4487-8207-F6FC7824EFB1} = {F4974933-810E-4983-B2F7-2AE1815E761D}
	EndGlobalSection
	GlobalSection(ExtensibilityGlobals) = postSolution
		SolutionGuid = {015B9243-C3B3-4292-A647-E957EE49E155}
	EndGlobalSection
EndGlobal
