
Microsoft Visual Studio Solution File, Format Version 12.00
Project("{FAE04EC0-301F-11D3-BF4B-00C04F79EFBC}") = "LoChip8", "LoChip8\LoChip8.csproj", "{61D7AC0D-7670-4D4B-A135-C6602B0D5210}"
EndProject
Project("{FAE04EC0-301F-11D3-BF4B-00C04F79EFBC}") = "LoChip8.DesktopGL", "LoChip8.DesktopGL\LoChip8.DesktopGL.csproj", "{5DDF6B04-149C-4EED-8A83-7902213A4DC9}"
EndProject
Project("{FAE04EC0-301F-11D3-BF4B-00C04F79EFBC}") = "LoChip8.Tests", "LoChip8.Tests\LoChip8.Tests.csproj", "{CE33D8A7-665A-4662-B13F-53FF711B4597}"
EndProject
Global
	GlobalSection(SolutionConfigurationPlatforms) = preSolution
		Debug|Any CPU = Debug|Any CPU
		Release|Any CPU = Release|Any CPU
	EndGlobalSection
	GlobalSection(ProjectConfigurationPlatforms) = postSolution
		{61D7AC0D-7670-4D4B-A135-C6602B0D5210}.Debug|Any CPU.ActiveCfg = Debug|Any CPU
		{61D7AC0D-7670-4D4B-A135-C6602B0D5210}.Debug|Any CPU.Build.0 = Debug|Any CPU
		{61D7AC0D-7670-4D4B-A135-C6602B0D5210}.Release|Any CPU.ActiveCfg = Release|Any CPU
		{61D7AC0D-7670-4D4B-A135-C6602B0D5210}.Release|Any CPU.Build.0 = Release|Any CPU
		{5DDF6B04-149C-4EED-8A83-7902213A4DC9}.Debug|Any CPU.ActiveCfg = Debug|Any CPU
		{5DDF6B04-149C-4EED-8A83-7902213A4DC9}.Debug|Any CPU.Build.0 = Debug|Any CPU
		{5DDF6B04-149C-4EED-8A83-7902213A4DC9}.Release|Any CPU.ActiveCfg = Release|Any CPU
		{5DDF6B04-149C-4EED-8A83-7902213A4DC9}.Release|Any CPU.Build.0 = Release|Any CPU
		{CE33D8A7-665A-4662-B13F-53FF711B4597}.Debug|Any CPU.ActiveCfg = Debug|Any CPU
		{CE33D8A7-665A-4662-B13F-53FF711B4597}.Debug|Any CPU.Build.0 = Debug|Any CPU
		{CE33D8A7-665A-4662-B13F-53FF711B4597}.Release|Any CPU.ActiveCfg = Release|Any CPU
		{CE33D8A7-665A-4662-B13F-53FF711B4597}.Release|Any CPU.Build.0 = Release|Any CPU
	EndGlobalSection
EndGlobal
